
Microsoft Visual Studio Solution File, Format Version 12.00
# Visual Studio Version 17
VisualStudioVersion = 17.14.36414.22 d17.14
MinimumVisualStudioVersion = 10.0.40219.1
Project("{FAE04EC0-301F-11D3-BF4B-00C04F79EFBC}") = "Web", "Web\Web.csproj", "{B20F01CE-A5A5-4F2E-A205-6620B3A6DBDF}"
EndProject
Project("{FAE04EC0-301F-11D3-BF4B-00C04F79EFBC}") = "Domain", "Domain\Domain.csproj", "{3D10C808-E218-4B29-8B2D-1D2731F9A5A0}"
EndProject
Project("{FAE04EC0-301F-11D3-BF4B-00C04F79EFBC}") = "Infrastructure", "Infrastructure\Infrastructure.csproj", "{AB358E4C-535C-4A78-964C-089332520000}"
EndProject
Project("{FAE04EC0-301F-11D3-BF4B-00C04F79EFBC}") = "Application", "Application\Application.csproj", "{2F9BF005-19E8-44FB-B390-49EFF1919A7C}"
EndProject
Project("{FAE04EC0-301F-11D3-BF4B-00C04F79EFBC}") = "Migrations.PostgreSQL", "Migrations.PostgreSQL\Migrations.PostgreSQL.csproj", "{C4930839-EC18-43A0-A31E-B28BECA883CA}"
EndProject
Project("{FAE04EC0-301F-11D3-BF4B-00C04F79EFBC}") = "Migrations.SqlServer", "Migrations.SqlServer\Migrations.SqlServer.csproj", "{23BB557D-8452-4248-9DC2-763B1DCF16DE}"
EndProject
Global
	GlobalSection(SolutionConfigurationPlatforms) = preSolution
		Debug|Any CPU = Debug|Any CPU
		Release|Any CPU = Release|Any CPU
	EndGlobalSection
	GlobalSection(ProjectConfigurationPlatforms) = postSolution
		{B20F01CE-A5A5-4F2E-A205-6620B3A6DBDF}.Debug|Any CPU.ActiveCfg = Debug|Any CPU
		{B20F01CE-A5A5-4F2E-A205-6620B3A6DBDF}.Debug|Any CPU.Build.0 = Debug|Any CPU
		{B20F01CE-A5A5-4F2E-A205-6620B3A6DBDF}.Release|Any CPU.ActiveCfg = Release|Any CPU
		{B20F01CE-A5A5-4F2E-A205-6620B3A6DBDF}.Release|Any CPU.Build.0 = Release|Any CPU
		{3D10C808-E218-4B29-8B2D-1D2731F9A5A0}.Debug|Any CPU.ActiveCfg = Debug|Any CPU
		{3D10C808-E218-4B29-8B2D-1D2731F9A5A0}.Debug|Any CPU.Build.0 = Debug|Any CPU
		{3D10C808-E218-4B29-8B2D-1D2731F9A5A0}.Release|Any CPU.ActiveCfg = Release|Any CPU
		{3D10C808-E218-4B29-8B2D-1D2731F9A5A0}.Release|Any CPU.Build.0 = Release|Any CPU
		{AB358E4C-535C-4A78-964C-089332520000}.Debug|Any CPU.ActiveCfg = Debug|Any CPU
		{AB358E4C-535C-4A78-964C-089332520000}.Debug|Any CPU.Build.0 = Debug|Any CPU
		{AB358E4C-535C-4A78-964C-089332520000}.Release|Any CPU.ActiveCfg = Release|Any CPU
		{AB358E4C-535C-4A78-964C-089332520000}.Release|Any CPU.Build.0 = Release|Any CPU
		{2F9BF005-19E8-44FB-B390-49EFF1919A7C}.Debug|Any CPU.ActiveCfg = Debug|Any CPU
		{2F9BF005-19E8-44FB-B390-49EFF1919A7C}.Debug|Any CPU.Build.0 = Debug|Any CPU
		{2F9BF005-19E8-44FB-B390-49EFF1919A7C}.Release|Any CPU.ActiveCfg = Release|Any CPU
		{2F9BF005-19E8-44FB-B390-49EFF1919A7C}.Release|Any CPU.Build.0 = Release|Any CPU
		{C4930839-EC18-43A0-A31E-B28BECA883CA}.Debug|Any CPU.ActiveCfg = Debug|Any CPU
		{C4930839-EC18-43A0-A31E-B28BECA883CA}.Debug|Any CPU.Build.0 = Debug|Any CPU
		{C4930839-EC18-43A0-A31E-B28BECA883CA}.Release|Any CPU.ActiveCfg = Release|Any CPU
		{C4930839-EC18-43A0-A31E-B28BECA883CA}.Release|Any CPU.Build.0 = Release|Any CPU
		{23BB557D-8452-4248-9DC2-763B1DCF16DE}.Debug|Any CPU.ActiveCfg = Debug|Any CPU
		{23BB557D-8452-4248-9DC2-763B1DCF16DE}.Debug|Any CPU.Build.0 = Debug|Any CPU
		{23BB557D-8452-4248-9DC2-763B1DCF16DE}.Release|Any CPU.ActiveCfg = Release|Any CPU
		{23BB557D-8452-4248-9DC2-763B1DCF16DE}.Release|Any CPU.Build.0 = Release|Any CPU
	EndGlobalSection
	GlobalSection(SolutionProperties) = preSolution
		HideSolutionNode = FALSE
	EndGlobalSection
	GlobalSection(ExtensibilityGlobals) = postSolution
		SolutionGuid = {901FE185-6EA5-49C5-ADDC-7B9E01EA5733}
	EndGlobalSection
EndGlobal
